<?xml version="1.0" encoding="utf-8"?>
<Project ToolsVersion="4.0" xmlns="http://schemas.microsoft.com/developer/msbuild/2003">
  <ItemGroup>
    <Filter Include="Source Files">
      <UniqueIdentifier>{4FC737F1-C7A5-4376-A066-2A32D752A2FF}</UniqueIdentifier>
      <Extensions>cpp;c;cc;cxx;c++;cppm;ixx;def;odl;idl;hpj;bat;asm;asmx</Extensions>
    </Filter>
    <Filter Include="Header Files">
      <UniqueIdentifier>{93995380-89BD-4b04-88EB-625FBE52EBFB}</UniqueIdentifier>
      <Extensions>h;hh;hpp;hxx;h++;hm;inl;inc;ipp;xsd</Extensions>
    </Filter>
    <Filter Include="Resource Files">
      <UniqueIdentifier>{67DA6AB6-F800-4c08-8B7A-83BB121AAD01}</UniqueIdentifier>
      <Extensions>rc;ico;cur;bmp;dlg;rc2;rct;bin;rgs;gif;jpg;jpeg;jpe;resx;tiff;tif;png;wav;mfcribbon-ms</Extensions>
    </Filter>
    <Filter Include="Source Files\Slyvina">
      <UniqueIdentifier>{c1ff0c89-badc-4281-b7cc-5126501ea869}</UniqueIdentifier>
    </Filter>
    <Filter Include="Source Files\Slyvina\Units">
      <UniqueIdentifier>{2f89735b-3a66-4acb-a0e1-df5f362308d0}</UniqueIdentifier>
    </Filter>
    <Filter Include="Source Files\Slyvina\Kthura">
      <UniqueIdentifier>{a2312554-3bc4-4f20-9538-9a3e27ab5365}</UniqueIdentifier>
    </Filter>
    <Filter Include="Source Files\Slyvina\JCR6">
      <UniqueIdentifier>{61eb5236-f1e9-4b00-b669-689635c8815a}</UniqueIdentifier>
    </Filter>
    <Filter Include="Header Files\Slyivina">
      <UniqueIdentifier>{5a42396a-c086-4fc6-8e50-8660b2d65c69}</UniqueIdentifier>
    </Filter>
    <Filter Include="Header Files\Slyivina\Kthura">
      <UniqueIdentifier>{dd1ea13c-72f0-4f79-84a6-8d59c841f551}</UniqueIdentifier>
    </Filter>
  </ItemGroup>
  <ItemGroup>
    <ClCompile Include="Compass.cpp">
      <Filter>Source Files</Filter>
    </ClCompile>
    <ClCompile Include="..\..\..\..\..\Slyvina\Libs\Units\Source\SlyvAsk.cpp">
      <Filter>Source Files\Slyvina\Units</Filter>
    </ClCompile>
    <ClCompile Include="..\..\..\..\..\Slyvina\Libs\Units\Source\SlyvBank.cpp">
      <Filter>Source Files\Slyvina\Units</Filter>
    </ClCompile>
    <ClCompile Include="..\..\..\..\..\Slyvina\Libs\Units\Source\SlyvDir.cpp">
      <Filter>Source Files\Slyvina\Units</Filter>
    </ClCompile>
    <ClCompile Include="..\..\..\..\..\Slyvina\Libs\Units\Source\SlyvDirry.cpp">
      <Filter>Source Files\Slyvina\Units</Filter>
    </ClCompile>
    <ClCompile Include="..\..\..\..\..\Slyvina\Libs\Units\Source\SlyvQCol.cpp">
      <Filter>Source Files\Slyvina\Units</Filter>
    </ClCompile>
    <ClCompile Include="..\..\..\..\..\Slyvina\Libs\Units\Source\SlyvSTOI.cpp">
      <Filter>Source Files\Slyvina\Units</Filter>
    </ClCompile>
    <ClCompile Include="..\..\..\..\..\Slyvina\Libs\Units\Source\SlyvStream.cpp">
      <Filter>Source Files\Slyvina\Units</Filter>
    </ClCompile>
    <ClCompile Include="..\..\..\..\..\Slyvina\Libs\Units\Source\SlyvString.cpp">
      <Filter>Source Files\Slyvina\Units</Filter>
    </ClCompile>
    <ClCompile Include="..\..\..\..\..\Slyvina\Libs\Units\Source\SlyvTime.cpp">
      <Filter>Source Files\Slyvina\Units</Filter>
    </ClCompile>
    <ClCompile Include="..\..\..\..\..\Slyvina\Libs\Kthura\Source\Kthura_Core.cpp">
      <Filter>Source Files\Slyvina\Kthura</Filter>
    </ClCompile>
    <ClCompile Include="..\..\..\..\..\Slyvina\Libs\JCR6\Source\JCR6_Core.cpp">
      <Filter>Source Files\Slyvina\JCR6</Filter>
    </ClCompile>
    <ClCompile Include="..\..\..\..\..\Slyvina\Libs\JCR6\Source\JCR6_JQL.cpp">
      <Filter>Source Files\Slyvina\JCR6</Filter>
    </ClCompile>
    <ClCompile Include="..\..\..\..\..\Slyvina\Libs\JCR6\Source\JCR6_RealDir.cpp">
      <Filter>Source Files\Slyvina\JCR6</Filter>
    </ClCompile>
    <ClCompile Include="..\..\..\..\..\Slyvina\Libs\JCR6\Source\JCR6_zlib.cpp">
      <Filter>Source Files\Slyvina\JCR6</Filter>
    </ClCompile>
    <ClCompile Include="..\..\..\..\..\Slyvina\Libs\Kthura\Source\Kthura_LoadCompiled.cpp">
      <Filter>Source Files\Slyvina\Kthura</Filter>
    </ClCompile>
  </ItemGroup>
  <ItemGroup>
    <CopyFileToFolders Include="..\..\..\..\..\Slyvina\Libs\JCR6\3rdParty\zlib\zlib.dll">
      <Filter>Source Files\Slyvina\JCR6</Filter>
    </CopyFileToFolders>
  </ItemGroup>
  <ItemGroup>
    <ClInclude Include="..\..\..\..\..\Slyvina\Libs\Kthura\Headers\Kthura_Core.hpp">
      <Filter>Header Files\Slyivina\Kthura</Filter>
    </ClInclude>
  </ItemGroup>
</Project>