<?xml version="1.0" encoding="utf-8"?>
<Project ToolsVersion="4.0" xmlns="http://schemas.microsoft.com/developer/msbuild/2003">
  <ItemGroup>
    <Filter Include="Source Files">
      <UniqueIdentifier>{4FC737F1-C7A5-4376-A066-2A32D752A2FF}</UniqueIdentifier>
      <Extensions>cpp;c;cc;cxx;c++;cppm;ixx;def;odl;idl;hpj;bat;asm;asmx</Extensions>
    </Filter>
    <Filter Include="Header Files">
      <UniqueIdentifier>{93995380-89BD-4b04-88EB-625FBE52EBFB}</UniqueIdentifier>
      <Extensions>h;hh;hpp;hxx;h++;hm;inl;inc;ipp;xsd</Extensions>
    </Filter>
    <Filter Include="Resource Files">
      <UniqueIdentifier>{67DA6AB6-F800-4c08-8B7A-83BB121AAD01}</UniqueIdentifier>
      <Extensions>rc;ico;cur;bmp;dlg;rc2;rct;bin;rgs;gif;jpg;jpeg;jpe;resx;tiff;tif;png;wav;mfcribbon-ms</Extensions>
    </Filter>
    <Filter Include="Source Files\Slyvina">
      <UniqueIdentifier>{9a9b0510-315b-4494-9905-0cbd3d3f5b4c}</UniqueIdentifier>
    </Filter>
    <Filter Include="Source Files\Slyvina\JCR6">
      <UniqueIdentifier>{be810644-ee41-44d7-8802-9fc04ca03d23}</UniqueIdentifier>
    </Filter>
    <Filter Include="Source Files\Slyvina\Units">
      <UniqueIdentifier>{bb8318af-b74e-4bd9-af6b-25042be7b43d}</UniqueIdentifier>
    </Filter>
    <Filter Include="Source Files\Slyvina\Statistician">
      <UniqueIdentifier>{d9407515-dbd0-4e2b-a894-3aead0e2bb06}</UniqueIdentifier>
    </Filter>
  </ItemGroup>
  <ItemGroup>
    <ClCompile Include="QuickStats.cpp">
      <Filter>Source Files</Filter>
    </ClCompile>
    <ClCompile Include="..\..\..\..\..\Slyvina\Libs\Units\Source\SlyvBank.cpp">
      <Filter>Source Files\Slyvina\Units</Filter>
    </ClCompile>
    <ClCompile Include="..\..\..\..\..\Slyvina\Libs\Units\Source\SlyvMD5.cpp">
      <Filter>Source Files\Slyvina\Units</Filter>
    </ClCompile>
    <ClCompile Include="..\..\..\..\..\Slyvina\Libs\Units\Source\SlyvStream.cpp">
      <Filter>Source Files\Slyvina\Units</Filter>
    </ClCompile>
    <ClCompile Include="..\..\..\..\..\Slyvina\Libs\Units\Source\SlyvString.cpp">
      <Filter>Source Files\Slyvina\Units</Filter>
    </ClCompile>
    <ClCompile Include="..\..\..\..\..\Slyvina\Libs\Units\Source\SlyvTime.cpp">
      <Filter>Source Files\Slyvina\Units</Filter>
    </ClCompile>
    <ClCompile Include="..\..\..\..\..\Slyvina\Libs\JCR6\Source\JCR6_Core.cpp">
      <Filter>Source Files\Slyvina\JCR6</Filter>
    </ClCompile>
    <ClCompile Include="..\..\..\..\..\Slyvina\Libs\JCR6\Source\JCR6_zlib.cpp">
      <Filter>Source Files\Slyvina\JCR6</Filter>
    </ClCompile>
    <ClCompile Include="..\..\..\..\..\Slyvina\Libs\Statistician\Statistician.cpp">
      <Filter>Source Files\Slyvina\Statistician</Filter>
    </ClCompile>
    <ClCompile Include="..\..\..\..\..\Slyvina\Libs\Statistician\Statistician_LoadJCR6.cpp">
      <Filter>Source Files\Slyvina\Statistician</Filter>
    </ClCompile>
  </ItemGroup>
  <ItemGroup>
    <ClInclude Include="..\..\..\..\..\Slyvina\Libs\Statistician\Statistician.hpp">
      <Filter>Source Files\Slyvina\Statistician</Filter>
    </ClInclude>
    <ClInclude Include="..\..\..\..\..\Slyvina\Libs\Statistician\Statistician_LoadJCR6.hpp">
      <Filter>Source Files\Slyvina\Statistician</Filter>
    </ClInclude>
  </ItemGroup>
</Project>